// !$*UTF8*$!
{
	archiveVersion = 1;
	classes = {
	};
	objectVersion = 46;
	objects = {

/* Begin PBXBuildFile section */
		30A414F71D6A899E00698EEF /* AppDelegate.swift in Sources */ = {isa = PBXBuildFile; fileRef = 30A414F61D6A899E00698EEF /* AppDelegate.swift */; };
		30A414F91D6A899E00698EEF /* ViewController.swift in Sources */ = {isa = PBXBuildFile; fileRef = 30A414F81D6A899E00698EEF /* ViewController.swift */; };
		30A414FE1D6A899E00698EEF /* Assets.xcassets in Resources */ = {isa = PBXBuildFile; fileRef = 30A414FD1D6A899E00698EEF /* Assets.xcassets */; };
		30A415011D6A899E00698EEF /* LaunchScreen.storyboard in Resources */ = {isa = PBXBuildFile; fileRef = 30A414FF1D6A899E00698EEF /* LaunchScreen.storyboard */; };
		30A415091D6A8AA400698EEF /* Main.storyboard in Resources */ = {isa = PBXBuildFile; fileRef = 30A415081D6A8AA400698EEF /* Main.storyboard */; };
/* End PBXBuildFile section */

/* Begin PBXFileReference section */
		30A414F31D6A899E00698EEF /* DietwithPhoto.app */ = {isa = PBXFileReference; explicitFileType = wrapper.application; includeInIndex = 0; path = DietwithPhoto.app; sourceTree = BUILT_PRODUCTS_DIR; };
		30A414F61D6A899E00698EEF /* AppDelegate.swift */ = {isa = PBXFileReference; lastKnownFileType = sourcecode.swift; path = AppDelegate.swift; sourceTree = "<group>"; };
		30A414F81D6A899E00698EEF /* ViewController.swift */ = {isa = PBXFileReference; lastKnownFileType = sourcecode.swift; path = ViewController.swift; sourceTree = "<group>"; };
		30A414FD1D6A899E00698EEF /* Assets.xcassets */ = {isa = PBXFileReference; lastKnownFileType = folder.assetcatalog; path = Assets.xcassets; sourceTree = "<group>"; };
		30A415001D6A899E00698EEF /* Base */ = {isa = PBXFileReference; lastKnownFileType = file.storyboard; name = Base; path = Base.lproj/LaunchScreen.storyboard; sourceTree = "<group>"; };
		30A415021D6A899E00698EEF /* Info.plist */ = {isa = PBXFileReference; lastKnownFileType = text.plist.xml; path = Info.plist; sourceTree = "<group>"; };
		30A415081D6A8AA400698EEF /* Main.storyboard */ = {isa = PBXFileReference; fileEncoding = 4; lastKnownFileType = file.storyboard; path = Main.storyboard; sourceTree = "<group>"; };
/* End PBXFileReference section */

/* Begin PBXFrameworksBuildPhase section */
		30A414F01D6A899E00698EEF /* Frameworks */ = {
			isa = PBXFrameworksBuildPhase;
			buildActionMask = 2147483647;
			files = (
			);
			runOnlyForDeploymentPostprocessing = 0;
		};
/* End PBXFrameworksBuildPhase section */

/* Begin PBXGroup section */
		30A414EA1D6A899E00698EEF = {
			isa = PBXGroup;
			children = (
				30A414F51D6A899E00698EEF /* DietwithPhoto */,
				30A414F41D6A899E00698EEF /* Products */,
			);
			sourceTree = "<group>";
		};
		30A414F41D6A899E00698EEF /* Products */ = {
			isa = PBXGroup;
			children = (
				30A414F31D6A899E00698EEF /* DietwithPhoto.app */,
			);
			name = Products;
			sourceTree = "<group>";
		};
		30A414F51D6A899E00698EEF /* DietwithPhoto */ = {
			isa = PBXGroup;
			children = (
				30A415081D6A8AA400698EEF /* Main.storyboard */,
				30A414F61D6A899E00698EEF /* AppDelegate.swift */,
				30A414F81D6A899E00698EEF /* ViewController.swift */,
				30A414FD1D6A899E00698EEF /* Assets.xcassets */,
				30A414FF1D6A899E00698EEF /* LaunchScreen.storyboard */,
				30A415021D6A899E00698EEF /* Info.plist */,
			);
			path = DietwithPhoto;
			sourceTree = "<group>";
		};
/* End PBXGroup section */

/* Begin PBXNativeTarget section */
		30A414F21D6A899E00698EEF /* DietwithPhoto */ = {
			isa = PBXNativeTarget;
			buildConfigurationList = 30A415051D6A899E00698EEF /* Build configuration list for PBXNativeTarget "DietwithPhoto" */;
			buildPhases = (
				30A414EF1D6A899E00698EEF /* Sources */,
				30A414F01D6A899E00698EEF /* Frameworks */,
				30A414F11D6A899E00698EEF /* Resources */,
			);
			buildRules = (
			);
			dependencies = (
			);
			name = DietwithPhoto;
			productName = DietwithPhoto;
			productReference = 30A414F31D6A899E00698EEF /* DietwithPhoto.app */;
			productType = "com.apple.product-type.application";
		};
/* End PBXNativeTarget section */

/* Begin PBXProject section */
		30A414EB1D6A899E00698EEF /* Project object */ = {
			isa = PBXProject;
			attributes = {
				LastSwiftUpdateCheck = 0730;
				LastUpgradeCheck = 0730;
				ORGANIZATIONNAME = "Jin Her";
				TargetAttributes = {
					30A414F21D6A899E00698EEF = {
						CreatedOnToolsVersion = 7.3.1;
					};
				};
			};
			buildConfigurationList = 30A414EE1D6A899E00698EEF /* Build configuration list for PBXProject "DietwithPhoto" */;
			compatibilityVersion = "Xcode 3.2";
			developmentRegion = English;
			hasScannedForEncodings = 0;
			knownRegions = (
				en,
				Base,
			);
			mainGroup = 30A414EA1D6A899E00698EEF;
			productRefGroup = 30A414F41D6A899E00698EEF /* Products */;
			projectDirPath = "";
			projectRoot = "";
			targets = (
				30A414F21D6A899E00698EEF /* DietwithPhoto */,
			);
		};
/* End PBXProject section */

/* Begin PBXResourcesBuildPhase section */
		30A414F11D6A899E00698EEF /* Resources */ = {
			isa = PBXResourcesBuildPhase;
			buildActionMask = 2147483647;
			files = (
				30A415011D6A899E00698EEF /* LaunchScreen.storyboard in Resources */,
				30A415091D6A8AA400698EEF /* Main.storyboard in Resources */,
				30A414FE1D6A899E00698EEF /* Assets.xcassets in Resources */,
			);
			runOnlyForDeploymentPostprocessing = 0;
		};
/* End PBXResourcesBuildPhase section */

/* Begin PBXSourcesBuildPhase section */
		30A414EF1D6A899E00698EEF /* Sources */ = {
			isa = PBXSourcesBuildPhase;
			buildActionMask = 2147483647;
			files = (
				30A414F91D6A899E00698EEF /* ViewController.swift in Sources */,
				30A414F71D6A899E00698EEF /* AppDelegate.swift in Sources */,
			);
			runOnlyForDeploymentPostprocessing = 0;
		};
/* End PBXSourcesBuildPhase section */

/* Begin PBXVariantGroup section */
		30A414FF1D6A899E00698EEF /* LaunchScreen.storyboard */ = {
			isa = PBXVariantGroup;
			children = (
				30A415001D6A899E00698EEF /* Base */,
			);
			name = LaunchScreen.storyboard;
			sourceTree = "<group>";
		};
/* End PBXVariantGroup section */

/* Begin XCBuildConfiguration section */
		30A415031D6A899E00698EEF /* Debug */ = {
			isa = XCBuildConfiguration;
			buildSettings = {
				ALWAYS_SEARCH_USER_PATHS = NO;
				CLANG_ANALYZER_NONNULL = YES;
				CLANG_CXX_LANGUAGE_STANDARD = "gnu++0x";
				CLANG_CXX_LIBRARY = "libc++";
				CLANG_ENABLE_MODULES = YES;
				CLANG_ENABLE_OBJC_ARC = YES;
				CLANG_WARN_BOOL_CONVERSION = YES;
				CLANG_WARN_CONSTANT_CONVERSION = YES;
				CLANG_WARN_DIRECT_OBJC_ISA_USAGE = YES_ERROR;
				CLANG_WARN_EMPTY_BODY = YES;
				CLANG_WARN_ENUM_CONVERSION = YES;
				CLANG_WARN_INT_CONVERSION = YES;
				CLANG_WARN_OBJC_ROOT_CLASS = YES_ERROR;
				CLANG_WARN_UNREACHABLE_CODE = YES;
				CLANG_WARN__DUPLICATE_METHOD_MATCH = YES;
				"CODE_SIGN_IDENTITY[sdk=iphoneos*]" = "iPhone Developer";
				COPY_PHASE_STRIP = NO;
				DEBUG_INFORMATION_FORMAT = dwarf;
				ENABLE_STRICT_OBJC_MSGSEND = YES;
				ENABLE_TESTABILITY = YES;
				GCC_C_LANGUAGE_STANDARD = gnu99;
				GCC_DYNAMIC_NO_PIC = NO;
				GCC_NO_COMMON_BLOCKS = YES;
				GCC_OPTIMIZATION_LEVEL = 0;
				GCC_PREPROCESSOR_DEFINITIONS = (
					"DEBUG=1",
					"$(inherited)",
				);
				GCC_WARN_64_TO_32_BIT_CONVERSION = YES;
				GCC_WARN_ABOUT_RETURN_TYPE = YES_ERROR;
				GCC_WARN_UNDECLARED_SELECTOR = YES;
				GCC_WARN_UNINITIALIZED_AUTOS = YES_AGGRESSIVE;
				GCC_WARN_UNUSED_FUNCTION = YES;
				GCC_WARN_UNUSED_VARIABLE = YES;
				IPHONEOS_DEPLOYMENT_TARGET = 9.3;
				MTL_ENABLE_DEBUG_INFO = YES;
				ONLY_ACTIVE_ARCH = YES;
				SDKROOT = iphoneos;
				SWIFT_OPTIMIZATION_LEVEL = "-Onone";
			};
			name = Debug;
		};
		30A415041D6A899E00698EEF /* Release */ = {
			isa = XCBuildConfiguration;
			buildSettings = {
				ALWAYS_SEARCH_USER_PATHS = NO;
				CLANG_ANALYZER_NONNULL = YES;
				CLANG_CXX_LANGUAGE_STANDARD = "gnu++0x";
				CLANG_CXX_LIBRARY = "libc++";
				CLANG_ENABLE_MODULES = YES;
				CLANG_ENABLE_OBJC_ARC = YES;
				CLANG_WARN_BOOL_CONVERSION = YES;
				CLANG_WARN_CONSTANT_CONVERSION = YES;
				CLANG_WARN_DIRECT_OBJC_ISA_USAGE = YES_ERROR;
				CLANG_WARN_EMPTY_BODY = YES;
				CLANG_WARN_ENUM_CONVERSION = YES;
				CLANG_WARN_INT_CONVERSION = YES;
				CLANG_WARN_OBJC_ROOT_CLASS = YES_ERROR;
				CLANG_WARN_UNREACHABLE_CODE = YES;
				CLANG_WARN__DUPLICATE_METHOD_MATCH = YES;
				"CODE_SIGN_IDENTITY[sdk=iphoneos*]" = "iPhone Developer";
				COPY_PHASE_STRIP = NO;
				DEBUG_INFORMATION_FORMAT = "dwarf-with-dsym";
				ENABLE_NS_ASSERTIONS = NO;
				ENABLE_STRICT_OBJC_MSGSEND = YES;
				GCC_C_LANGUAGE_STANDARD = gnu99;
				GCC_NO_COMMON_BLOCKS = YES;
				GCC_WARN_64_TO_32_BIT_CONVERSION = YES;
				GCC_WARN_ABOUT_RETURN_TYPE = YES_ERROR;
				GCC_WARN_UNDECLARED_SELECTOR = YES;
				GCC_WARN_UNINITIALIZED_AUTOS = YES_AGGRESSIVE;
				GCC_WARN_UNUSED_FUNCTION = YES;
				GCC_WARN_UNUSED_VARIABLE = YES;
				IPHONEOS_DEPLOYMENT_TARGET = 9.3;
				MTL_ENABLE_DEBUG_INFO = NO;
				SDKROOT = iphoneos;
				VALIDATE_PRODUCT = YES;
			};
			name = Release;
		};
		30A415061D6A899E00698EEF /* Debug */ = {
			isa = XCBuildConfiguration;
			buildSettings = {
				ASSETCATALOG_COMPILER_APPICON_NAME = AppIcon;
				INFOPLIST_FILE = DietwithPhoto/Info.plist;
				LD_RUNPATH_SEARCH_PATHS = "$(inherited) @executable_path/Frameworks";
				PRODUCT_BUNDLE_IDENTIFIER = jin.DietwithPhoto;
				PRODUCT_NAME = "$(TARGET_NAME)";
			};
			name = Debug;
		};
		30A415071D6A899E00698EEF /* Release */ = {
			isa = XCBuildConfiguration;
			buildSettings = {
				ASSETCATALOG_COMPILER_APPICON_NAME = AppIcon;
				INFOPLIST_FILE = DietwithPhoto/Info.plist;
				LD_RUNPATH_SEARCH_PATHS = "$(inherited) @executable_path/Frameworks";
				PRODUCT_BUNDLE_IDENTIFIER = jin.DietwithPhoto;
				PRODUCT_NAME = "$(TARGET_NAME)";
			};
			name = Release;
		};
/* End XCBuildConfiguration section */

/* Begin XCConfigurationList section */
		30A414EE1D6A899E00698EEF /* Build configuration list for PBXProject "DietwithPhoto" */ = {
			isa = XCConfigurationList;
			buildConfigurations = (
				30A415031D6A899E00698EEF /* Debug */,
				30A415041D6A899E00698EEF /* Release */,
			);
			defaultConfigurationIsVisible = 0;
			defaultConfigurationName = Release;
		};
		30A415051D6A899E00698EEF /* Build configuration list for PBXNativeTarget "DietwithPhoto" */ = {
			isa = XCConfigurationList;
			buildConfigurations = (
				30A415061D6A899E00698EEF /* Debug */,
				30A415071D6A899E00698EEF /* Release */,
			);
			defaultConfigurationIsVisible = 0;
			defaultConfigurationName = Release;
		};
/* End XCConfigurationList section */
	};
	rootObject = 30A414EB1D6A899E00698EEF /* Project object */;
}
